
Microsoft Visual Studio Solution File, Format Version 12.00
# Visual Studio 2012
Project("{FAE04EC0-301F-11D3-BF4B-00C04F79EFBC}") = "WCFCustomHeaderDemo.Console", "WCFCustomHeaderDemo.Console\WCFCustomHeaderDemo.Console.csproj", "{907FD6D8-B2B0-4F93-9D31-600D63E564D4}"
	ProjectSection(ProjectDependencies) = postProject
		{5BBB25A1-7E97-4C77-965B-53A88AC8AD07} = {5BBB25A1-7E97-4C77-965B-53A88AC8AD07}
	EndProjectSection
EndProject
Project("{FAE04EC0-301F-11D3-BF4B-00C04F79EFBC}") = "WCFCustomHeaderDemo.Lib", "WCFCustomHeaderDemo.Lib\WCFCustomHeaderDemo.Lib.csproj", "{5FABC4D2-FED6-45E4-90F8-040364FE635F}"
EndProject
Project("{2150E333-8FDC-42A3-9474-1A3956D46DE8}") = "1. Library", "1. Library", "{01CC0495-13D1-42B9-8C04-02FE9E7B17B0}"
EndProject
Project("{2150E333-8FDC-42A3-9474-1A3956D46DE8}") = "2. Service Host", "2. Service Host", "{C39B272E-96C4-4C43-8634-5773A0FD53B3}"
EndProject
Project("{2150E333-8FDC-42A3-9474-1A3956D46DE8}") = "3. Consumer Application", "3. Consumer Application", "{9BF64F7E-8167-49FA-9FFB-8D3970B054DB}"
EndProject
Project("{FAE04EC0-301F-11D3-BF4B-00C04F79EFBC}") = "WCFCustomHeaderDemo.Web", "WCFCustomHeaderDemo.Web\WCFCustomHeaderDemo.Web.csproj", "{5BBB25A1-7E97-4C77-965B-53A88AC8AD07}"
EndProject
Global
	GlobalSection(SolutionConfigurationPlatforms) = preSolution
		Debug|Any CPU = Debug|Any CPU
		Release|Any CPU = Release|Any CPU
	EndGlobalSection
	GlobalSection(ProjectConfigurationPlatforms) = postSolution
		{907FD6D8-B2B0-4F93-9D31-600D63E564D4}.Debug|Any CPU.ActiveCfg = Debug|Any CPU
		{907FD6D8-B2B0-4F93-9D31-600D63E564D4}.Debug|Any CPU.Build.0 = Debug|Any CPU
		{907FD6D8-B2B0-4F93-9D31-600D63E564D4}.Release|Any CPU.ActiveCfg = Release|Any CPU
		{907FD6D8-B2B0-4F93-9D31-600D63E564D4}.Release|Any CPU.Build.0 = Release|Any CPU
		{5FABC4D2-FED6-45E4-90F8-040364FE635F}.Debug|Any CPU.ActiveCfg = Debug|Any CPU
		{5FABC4D2-FED6-45E4-90F8-040364FE635F}.Debug|Any CPU.Build.0 = Debug|Any CPU
		{5FABC4D2-FED6-45E4-90F8-040364FE635F}.Release|Any CPU.ActiveCfg = Release|Any CPU
		{5FABC4D2-FED6-45E4-90F8-040364FE635F}.Release|Any CPU.Build.0 = Release|Any CPU
		{5BBB25A1-7E97-4C77-965B-53A88AC8AD07}.Debug|Any CPU.ActiveCfg = Debug|Any CPU
		{5BBB25A1-7E97-4C77-965B-53A88AC8AD07}.Debug|Any CPU.Build.0 = Debug|Any CPU
		{5BBB25A1-7E97-4C77-965B-53A88AC8AD07}.Release|Any CPU.ActiveCfg = Release|Any CPU
		{5BBB25A1-7E97-4C77-965B-53A88AC8AD07}.Release|Any CPU.Build.0 = Release|Any CPU
	EndGlobalSection
	GlobalSection(SolutionProperties) = preSolution
		HideSolutionNode = FALSE
	EndGlobalSection
	GlobalSection(NestedProjects) = preSolution
		{907FD6D8-B2B0-4F93-9D31-600D63E564D4} = {9BF64F7E-8167-49FA-9FFB-8D3970B054DB}
		{5FABC4D2-FED6-45E4-90F8-040364FE635F} = {01CC0495-13D1-42B9-8C04-02FE9E7B17B0}
		{5BBB25A1-7E97-4C77-965B-53A88AC8AD07} = {C39B272E-96C4-4C43-8634-5773A0FD53B3}
	EndGlobalSection
EndGlobal
